
Microsoft Visual Studio Solution File, Format Version 12.00
# Visual Studio 2012
Project("{FAE04EC0-301F-11D3-BF4B-00C04F79EFBC}") = "UniqueIdGenerator.Net", "IdGenerator.net\UniqueIdGenerator.Net.csproj", "{72288941-1E9C-4B91-8770-2408F6F27260}"
EndProject
Project("{FAE04EC0-301F-11D3-BF4B-00C04F79EFBC}") = "UniqueIdGenerator.Net.Tests", "IdGenerator.net.Tests\UniqueIdGenerator.Net.Tests.csproj", "{ABC25329-4B08-4B81-9C5C-091C1F0AB7ED}"
EndProject
Global
	GlobalSection(SolutionConfigurationPlatforms) = preSolution
		Debug|Any CPU = Debug|Any CPU
		Release|Any CPU = Release|Any CPU
	EndGlobalSection
	GlobalSection(ProjectConfigurationPlatforms) = postSolution
		{72288941-1E9C-4B91-8770-2408F6F27260}.Debug|Any CPU.ActiveCfg = Debug|Any CPU
		{72288941-1E9C-4B91-8770-2408F6F27260}.Debug|Any CPU.Build.0 = Debug|Any CPU
		{72288941-1E9C-4B91-8770-2408F6F27260}.Release|Any CPU.ActiveCfg = Release|Any CPU
		{72288941-1E9C-4B91-8770-2408F6F27260}.Release|Any CPU.Build.0 = Release|Any CPU
		{ABC25329-4B08-4B81-9C5C-091C1F0AB7ED}.Debug|Any CPU.ActiveCfg = Debug|Any CPU
		{ABC25329-4B08-4B81-9C5C-091C1F0AB7ED}.Debug|Any CPU.Build.0 = Debug|Any CPU
		{ABC25329-4B08-4B81-9C5C-091C1F0AB7ED}.Release|Any CPU.ActiveCfg = Release|Any CPU
		{ABC25329-4B08-4B81-9C5C-091C1F0AB7ED}.Release|Any CPU.Build.0 = Release|Any CPU
	EndGlobalSection
	GlobalSection(SolutionProperties) = preSolution
		HideSolutionNode = FALSE
	EndGlobalSection
EndGlobal
