
Microsoft Visual Studio Solution File, Format Version 12.00
# Visual Studio 15
VisualStudioVersion = 15.0.26430.16
MinimumVisualStudioVersion = 10.0.40219.1
Project("{9A19103F-16F7-4668-BE54-9A1E7A4F7556}") = "UniqueIdGenerator.NetCore", "UniqueIdGenerator.NetCore\UniqueIdGenerator.NetCore.csproj", "{AD16CB05-D8E6-4E91-9ABC-66AB5D9BD7B4}"
EndProject
Project("{9A19103F-16F7-4668-BE54-9A1E7A4F7556}") = "UniqueIdGenerator.NetCore.Tests", "UniqueIdGenerator.NetCore.Tests\UniqueIdGenerator.NetCore.Tests.csproj", "{1590C428-AF21-47DC-91D5-094D52ACED56}"
EndProject
Global
	GlobalSection(SolutionConfigurationPlatforms) = preSolution
		Debug|Any CPU = Debug|Any CPU
		Release|Any CPU = Release|Any CPU
	EndGlobalSection
	GlobalSection(ProjectConfigurationPlatforms) = postSolution
		{AD16CB05-D8E6-4E91-9ABC-66AB5D9BD7B4}.Debug|Any CPU.ActiveCfg = Debug|Any CPU
		{AD16CB05-D8E6-4E91-9ABC-66AB5D9BD7B4}.Debug|Any CPU.Build.0 = Debug|Any CPU
		{AD16CB05-D8E6-4E91-9ABC-66AB5D9BD7B4}.Release|Any CPU.ActiveCfg = Release|Any CPU
		{AD16CB05-D8E6-4E91-9ABC-66AB5D9BD7B4}.Release|Any CPU.Build.0 = Release|Any CPU
		{1590C428-AF21-47DC-91D5-094D52ACED56}.Debug|Any CPU.ActiveCfg = Debug|Any CPU
		{1590C428-AF21-47DC-91D5-094D52ACED56}.Debug|Any CPU.Build.0 = Debug|Any CPU
		{1590C428-AF21-47DC-91D5-094D52ACED56}.Release|Any CPU.ActiveCfg = Release|Any CPU
		{1590C428-AF21-47DC-91D5-094D52ACED56}.Release|Any CPU.Build.0 = Release|Any CPU
	EndGlobalSection
	GlobalSection(SolutionProperties) = preSolution
		HideSolutionNode = FALSE
	EndGlobalSection
EndGlobal
